
Microsoft Visual Studio Solution File, Format Version 12.00
# Visual Studio Version 18
VisualStudioVersion = 18.5.11723.231 stable
MinimumVisualStudioVersion = 10.0.40219.1
Project("{FAE04EC0-301F-11D3-BF4B-00C04F79EFBC}") = "PwnLearn", "PwnLearn.csproj", "{1F10B14F-1521-75C2-B06F-4BD60FD0533F}"
EndProject
Global
	GlobalSection(SolutionConfigurationPlatforms) = preSolution
		Debug|Any CPU = Debug|Any CPU
		Release|Any CPU = Release|Any CPU
	EndGlobalSection
	GlobalSection(ProjectConfigurationPlatforms) = postSolution
		{1F10B14F-1521-75C2-B06F-4BD60FD0533F}.Debug|Any CPU.ActiveCfg = Debug|Any CPU
		{1F10B14F-1521-75C2-B06F-4BD60FD0533F}.Debug|Any CPU.Build.0 = Debug|Any CPU
		{1F10B14F-1521-75C2-B06F-4BD60FD0533F}.Release|Any CPU.ActiveCfg = Release|Any CPU
		{1F10B14F-1521-75C2-B06F-4BD60FD0533F}.Release|Any CPU.Build.0 = Release|Any CPU
	EndGlobalSection
	GlobalSection(SolutionProperties) = preSolution
		HideSolutionNode = FALSE
	EndGlobalSection
	GlobalSection(ExtensibilityGlobals) = postSolution
		SolutionGuid = {F3DAD43B-8BD2-4C0D-B722-76E8070B3D72}
	EndGlobalSection
EndGlobal
